{
  "name": "promise-flow-control",
  "version": "1.0.6",
  "lockfileVersion": 2,
  "requires": true,
  "packages": {
    "": {
      "name": "promise-flow-control",
      "version": "1.0.6",
      "license": "ISC",
      "dependencies": {
        "bluebird": "^3.2.1",
        "lodash": "^4.2.1"
      },
      "devDependencies": {
        "describefn": "^1.0.0"
      }
    },
    "node_modules/bluebird": {
      "version": "3.4.6",
      "resolved": "https://registry.npmjs.org/bluebird/-/bluebird-3.4.6.tgz",
      "integrity": "sha1-AdqNgh2HgT0ViWfnQ9X+bGLPjA8="
    },
    "node_modules/describefn": {
      "version": "1.0.1",
      "resolved": "https://registry.npmjs.org/describefn/-/describefn-1.0.1.tgz",
      "integrity": "sha512-SIaVDTJkLpSYuhu6+Cy2bnPDh9o3wX93nr41yiiyM2UMIg/WzS1t+dfr5OnOYgaetejqxqXYvEaRams2iJ1iZA==",
      "dev": true,
      "dependencies": {
        "bluebird": "^3.4.6",
        "lodash": "^4.16.6"
      }
    },
    "node_modules/lodash": {
      "version": "4.17.21",
      "resolved": "https://registry.npmjs.org/lodash/-/lodash-4.17.21.tgz",
      "integrity": "sha512-v2kDEe57lecTulaDIuNTPy3Ry4gLGJ6Z1O3vE1krgXZNrsQ+LFTGHVxVjcXPs17LhbZVGedAJv8XZ1tvj5FvSg=="
    }
  },
  "dependencies": {
    "bluebird": {
      "version": "3.4.6",
      "resolved": "https://registry.npmjs.org/bluebird/-/bluebird-3.4.6.tgz",
      "integrity": "sha1-AdqNgh2HgT0ViWfnQ9X+bGLPjA8="
    },
    "describefn": {
      "version": "1.0.1",
      "resolved": "https://registry.npmjs.org/describefn/-/describefn-1.0.1.tgz",
      "integrity": "sha512-SIaVDTJkLpSYuhu6+Cy2bnPDh9o3wX93nr41yiiyM2UMIg/WzS1t+dfr5OnOYgaetejqxqXYvEaRams2iJ1iZA==",
      "dev": true,
      "requires": {
        "bluebird": "^3.4.6",
        "lodash": "^4.16.6"
      }
    },
    "lodash": {
      "version": "4.17.21",
      "resolved": "https://registry.npmjs.org/lodash/-/lodash-4.17.21.tgz",
      "integrity": "sha512-v2kDEe57lecTulaDIuNTPy3Ry4gLGJ6Z1O3vE1krgXZNrsQ+LFTGHVxVjcXPs17LhbZVGedAJv8XZ1tvj5FvSg=="
    }
  }
}
