{
  "name": "promise-flow-control",
  "version": "1.0.5",
  "lockfileVersion": 1,
  "requires": true,
  "dependencies": {
    "bluebird": {
      "version": "3.4.6",
      "resolved": "https://registry.npmjs.org/bluebird/-/bluebird-3.4.6.tgz",
      "integrity": "sha1-AdqNgh2HgT0ViWfnQ9X+bGLPjA8="
    },
    "describefn": {
      "version": "1.0.1",
      "resolved": "https://registry.npmjs.org/describefn/-/describefn-1.0.1.tgz",
      "integrity": "sha1-xgwsLSjYAihGlCReH6oa1bD0ckc=",
      "dev": true,
      "requires": {
        "bluebird": "3.4.6",
        "lodash": "4.16.6"
      }
    },
    "lodash": {
      "version": "4.16.6",
      "resolved": "https://registry.npmjs.org/lodash/-/lodash-4.16.6.tgz",
      "integrity": "sha1-0iyaxmAojzhD4Wun0rXQbMon13c="
    }
  }
}
